{
	"name": "birthdaygreetingskata",
	"version": "1.0.0",
	"lockfileVersion": 3,
	"requires": true,
	"packages": {
		"": {
			"name": "birthdaygreetingskata",
			"version": "1.0.0",
			"license": "ISC",
			"dependencies": {
				"dotenv": "^16.3.1",
				"fs": "^0.0.1-security",
				"nodemailer": "^6.9.4"
			},
			"devDependencies": {
				"@types/node": "^20.4.2",
				"@types/nodemailer": "^6.4.8",
				"typescript": "^5.1.6"
			}
		},
		"node_modules/@types/node": {
			"version": "20.4.2",
			"resolved": "https://registry.npmjs.org/@types/node/-/node-20.4.2.tgz",
			"integrity": "sha512-Dd0BYtWgnWJKwO1jkmTrzofjK2QXXcai0dmtzvIBhcA+RsG5h8R3xlyta0kGOZRNfL9GuRtb1knmPEhQrePCEw==",
			"dev": true
		},
		"node_modules/@types/nodemailer": {
			"version": "6.4.8",
			"resolved": "https://registry.npmjs.org/@types/nodemailer/-/nodemailer-6.4.8.tgz",
			"integrity": "sha512-oVsJSCkqViCn8/pEu2hfjwVO+Gb3e+eTWjg3PcjeFKRItfKpKwHphQqbYmPQrlMk+op7pNNWPbsJIEthpFN/OQ==",
			"dev": true,
			"dependencies": {
				"@types/node": "*"
			}
		},
		"node_modules/dotenv": {
			"version": "16.3.1",
			"resolved": "https://registry.npmjs.org/dotenv/-/dotenv-16.3.1.tgz",
			"integrity": "sha512-IPzF4w4/Rd94bA9imS68tZBaYyBWSCE47V1RGuMrB94iyTOIEwRmVL2x/4An+6mETpLrKJ5hQkB8W4kFAadeIQ==",
			"engines": {
				"node": ">=12"
			},
			"funding": {
				"url": "https://github.com/motdotla/dotenv?sponsor=1"
			}
		},
		"node_modules/fs": {
			"version": "0.0.1-security",
			"resolved": "https://registry.npmjs.org/fs/-/fs-0.0.1-security.tgz",
			"integrity": "sha512-3XY9e1pP0CVEUCdj5BmfIZxRBTSDycnbqhIOGec9QYtmVH2fbLpj86CFWkrNOkt/Fvty4KZG5lTglL9j/gJ87w=="
		},
		"node_modules/nodemailer": {
			"version": "6.9.4",
			"resolved": "https://registry.npmjs.org/nodemailer/-/nodemailer-6.9.4.tgz",
			"integrity": "sha512-CXjQvrQZV4+6X5wP6ZIgdehJamI63MFoYFGGPtHudWym9qaEHDNdPzaj5bfMCvxG1vhAileSWW90q7nL0N36mA==",
			"engines": {
				"node": ">=6.0.0"
			}
		},
		"node_modules/typescript": {
			"version": "5.1.6",
			"resolved": "https://registry.npmjs.org/typescript/-/typescript-5.1.6.tgz",
			"integrity": "sha512-zaWCozRZ6DLEWAWFrVDz1H6FVXzUSfTy5FUMWsQlU8Ym5JP9eO4xkTIROFCQvhQf61z6O/G6ugw3SgAnvvm+HA==",
			"dev": true,
			"bin": {
				"tsc": "bin/tsc",
				"tsserver": "bin/tsserver"
			},
			"engines": {
				"node": ">=14.17"
			}
		}
	}
}
